
Microsoft Visual Studio Solution File, Format Version 12.00
# Visual Studio Version 16
VisualStudioVersion = 16.0.31624.102
MinimumVisualStudioVersion = 10.0.40219.1
Project("{8BC9CEB8-8B4A-11D0-8D11-00A0C91BC942}") = "laba4.01", "ConsoleApplication1\ConsoleApplication1.vcxproj", "{A36C2957-430F-4DAB-AA11-F85A2027F7EF}"
EndProject
Project("{8BC9CEB8-8B4A-11D0-8D11-00A0C91BC942}") = "laba4.02", "laba4.02\laba4.02.vcxproj", "{704D22FF-B926-4508-8E33-77751B6B9625}"
EndProject
Project("{8BC9CEB8-8B4A-11D0-8D11-00A0C91BC942}") = "laba4.03", "laba4.03\laba4.03.vcxproj", "{C86A33EC-9603-4833-A02A-0AE6F7C7A0EC}"
EndProject
Project("{8BC9CEB8-8B4A-11D0-8D11-00A0C91BC942}") = "laba4.04", "laba4.04\laba4.04.vcxproj", "{DCFF9BA8-F550-4861-AE73-900D8B71C9D2}"
EndProject
Project("{8BC9CEB8-8B4A-11D0-8D11-00A0C91BC942}") = "laba4.05", "laba4.05\laba4.05.vcxproj", "{F796BB29-BABE-43D5-92A7-6D3FDDE1CA7D}"
EndProject
Project("{8BC9CEB8-8B4A-11D0-8D11-00A0C91BC942}") = "laba4.06", "laba4.06\laba4.06.vcxproj", "{4ABEDF06-0108-4A87-AC08-D3FD7E4A4323}"
EndProject
Project("{8BC9CEB8-8B4A-11D0-8D11-00A0C91BC942}") = "laba4.07", "laba4.07\laba4.07.vcxproj", "{2E8F47CF-6DB3-4602-BA80-BCDFE8FD1286}"
EndProject
Global
	GlobalSection(SolutionConfigurationPlatforms) = preSolution
		Debug|x64 = Debug|x64
		Debug|x86 = Debug|x86
		Release|x64 = Release|x64
		Release|x86 = Release|x86
	EndGlobalSection
	GlobalSection(ProjectConfigurationPlatforms) = postSolution
		{A36C2957-430F-4DAB-AA11-F85A2027F7EF}.Debug|x64.ActiveCfg = Debug|x64
		{A36C2957-430F-4DAB-AA11-F85A2027F7EF}.Debug|x64.Build.0 = Debug|x64
		{A36C2957-430F-4DAB-AA11-F85A2027F7EF}.Debug|x86.ActiveCfg = Debug|Win32
		{A36C2957-430F-4DAB-AA11-F85A2027F7EF}.Debug|x86.Build.0 = Debug|Win32
		{A36C2957-430F-4DAB-AA11-F85A2027F7EF}.Release|x64.ActiveCfg = Release|x64
		{A36C2957-430F-4DAB-AA11-F85A2027F7EF}.Release|x64.Build.0 = Release|x64
		{A36C2957-430F-4DAB-AA11-F85A2027F7EF}.Release|x86.ActiveCfg = Release|Win32
		{A36C2957-430F-4DAB-AA11-F85A2027F7EF}.Release|x86.Build.0 = Release|Win32
		{704D22FF-B926-4508-8E33-77751B6B9625}.Debug|x64.ActiveCfg = Debug|x64
		{704D22FF-B926-4508-8E33-77751B6B9625}.Debug|x64.Build.0 = Debug|x64
		{704D22FF-B926-4508-8E33-77751B6B9625}.Debug|x86.ActiveCfg = Debug|Win32
		{704D22FF-B926-4508-8E33-77751B6B9625}.Debug|x86.Build.0 = Debug|Win32
		{704D22FF-B926-4508-8E33-77751B6B9625}.Release|x64.ActiveCfg = Release|x64
		{704D22FF-B926-4508-8E33-77751B6B9625}.Release|x64.Build.0 = Release|x64
		{704D22FF-B926-4508-8E33-77751B6B9625}.Release|x86.ActiveCfg = Release|Win32
		{704D22FF-B926-4508-8E33-77751B6B9625}.Release|x86.Build.0 = Release|Win32
		{C86A33EC-9603-4833-A02A-0AE6F7C7A0EC}.Debug|x64.ActiveCfg = Debug|x64
		{C86A33EC-9603-4833-A02A-0AE6F7C7A0EC}.Debug|x64.Build.0 = Debug|x64
		{C86A33EC-9603-4833-A02A-0AE6F7C7A0EC}.Debug|x86.ActiveCfg = Debug|Win32
		{C86A33EC-9603-4833-A02A-0AE6F7C7A0EC}.Debug|x86.Build.0 = Debug|Win32
		{C86A33EC-9603-4833-A02A-0AE6F7C7A0EC}.Release|x64.ActiveCfg = Release|x64
		{C86A33EC-9603-4833-A02A-0AE6F7C7A0EC}.Release|x64.Build.0 = Release|x64
		{C86A33EC-9603-4833-A02A-0AE6F7C7A0EC}.Release|x86.ActiveCfg = Release|Win32
		{C86A33EC-9603-4833-A02A-0AE6F7C7A0EC}.Release|x86.Build.0 = Release|Win32
		{DCFF9BA8-F550-4861-AE73-900D8B71C9D2}.Debug|x64.ActiveCfg = Debug|x64
		{DCFF9BA8-F550-4861-AE73-900D8B71C9D2}.Debug|x64.Build.0 = Debug|x64
		{DCFF9BA8-F550-4861-AE73-900D8B71C9D2}.Debug|x86.ActiveCfg = Debug|Win32
		{DCFF9BA8-F550-4861-AE73-900D8B71C9D2}.Debug|x86.Build.0 = Debug|Win32
		{DCFF9BA8-F550-4861-AE73-900D8B71C9D2}.Release|x64.ActiveCfg = Release|x64
		{DCFF9BA8-F550-4861-AE73-900D8B71C9D2}.Release|x64.Build.0 = Release|x64
		{DCFF9BA8-F550-4861-AE73-900D8B71C9D2}.Release|x86.ActiveCfg = Release|Win32
		{DCFF9BA8-F550-4861-AE73-900D8B71C9D2}.Release|x86.Build.0 = Release|Win32
		{F796BB29-BABE-43D5-92A7-6D3FDDE1CA7D}.Debug|x64.ActiveCfg = Debug|x64
		{F796BB29-BABE-43D5-92A7-6D3FDDE1CA7D}.Debug|x64.Build.0 = Debug|x64
		{F796BB29-BABE-43D5-92A7-6D3FDDE1CA7D}.Debug|x86.ActiveCfg = Debug|Win32
		{F796BB29-BABE-43D5-92A7-6D3FDDE1CA7D}.Debug|x86.Build.0 = Debug|Win32
		{F796BB29-BABE-43D5-92A7-6D3FDDE1CA7D}.Release|x64.ActiveCfg = Release|x64
		{F796BB29-BABE-43D5-92A7-6D3FDDE1CA7D}.Release|x64.Build.0 = Release|x64
		{F796BB29-BABE-43D5-92A7-6D3FDDE1CA7D}.Release|x86.ActiveCfg = Release|Win32
		{F796BB29-BABE-43D5-92A7-6D3FDDE1CA7D}.Release|x86.Build.0 = Release|Win32
		{4ABEDF06-0108-4A87-AC08-D3FD7E4A4323}.Debug|x64.ActiveCfg = Debug|x64
		{4ABEDF06-0108-4A87-AC08-D3FD7E4A4323}.Debug|x64.Build.0 = Debug|x64
		{4ABEDF06-0108-4A87-AC08-D3FD7E4A4323}.Debug|x86.ActiveCfg = Debug|Win32
		{4ABEDF06-0108-4A87-AC08-D3FD7E4A4323}.Debug|x86.Build.0 = Debug|Win32
		{4ABEDF06-0108-4A87-AC08-D3FD7E4A4323}.Release|x64.ActiveCfg = Release|x64
		{4ABEDF06-0108-4A87-AC08-D3FD7E4A4323}.Release|x64.Build.0 = Release|x64
		{4ABEDF06-0108-4A87-AC08-D3FD7E4A4323}.Release|x86.ActiveCfg = Release|Win32
		{4ABEDF06-0108-4A87-AC08-D3FD7E4A4323}.Release|x86.Build.0 = Release|Win32
		{2E8F47CF-6DB3-4602-BA80-BCDFE8FD1286}.Debug|x64.ActiveCfg = Debug|x64
		{2E8F47CF-6DB3-4602-BA80-BCDFE8FD1286}.Debug|x64.Build.0 = Debug|x64
		{2E8F47CF-6DB3-4602-BA80-BCDFE8FD1286}.Debug|x86.ActiveCfg = Debug|Win32
		{2E8F47CF-6DB3-4602-BA80-BCDFE8FD1286}.Debug|x86.Build.0 = Debug|Win32
		{2E8F47CF-6DB3-4602-BA80-BCDFE8FD1286}.Release|x64.ActiveCfg = Release|x64
		{2E8F47CF-6DB3-4602-BA80-BCDFE8FD1286}.Release|x64.Build.0 = Release|x64
		{2E8F47CF-6DB3-4602-BA80-BCDFE8FD1286}.Release|x86.ActiveCfg = Release|Win32
		{2E8F47CF-6DB3-4602-BA80-BCDFE8FD1286}.Release|x86.Build.0 = Release|Win32
	EndGlobalSection
	GlobalSection(SolutionProperties) = preSolution
		HideSolutionNode = FALSE
	EndGlobalSection
	GlobalSection(ExtensibilityGlobals) = postSolution
		SolutionGuid = {365CEA70-0EDF-4F53-9F42-D8B0866A7F84}
	EndGlobalSection
EndGlobal
